
Microsoft Visual Studio Solution File, Format Version 12.00
# Visual Studio Version 17
VisualStudioVersion = 17.9.34714.143
MinimumVisualStudioVersion = 10.0.40219.1
Project("{FAE04EC0-301F-11D3-BF4B-00C04F79EFBC}") = "Introduccion", "CursoCSharp\Introduccion.csproj", "{A0FB7714-5F25-4262-B040-57BA7351707B}"
EndProject
Global
	GlobalSection(SolutionConfigurationPlatforms) = preSolution
		Debug|Any CPU = Debug|Any CPU
		Release|Any CPU = Release|Any CPU
	EndGlobalSection
	GlobalSection(ProjectConfigurationPlatforms) = postSolution
		{A0FB7714-5F25-4262-B040-57BA7351707B}.Debug|Any CPU.ActiveCfg = Debug|Any CPU
		{A0FB7714-5F25-4262-B040-57BA7351707B}.Debug|Any CPU.Build.0 = Debug|Any CPU
		{A0FB7714-5F25-4262-B040-57BA7351707B}.Release|Any CPU.ActiveCfg = Release|Any CPU
		{A0FB7714-5F25-4262-B040-57BA7351707B}.Release|Any CPU.Build.0 = Release|Any CPU
	EndGlobalSection
	GlobalSection(SolutionProperties) = preSolution
		HideSolutionNode = FALSE
	EndGlobalSection
	GlobalSection(ExtensibilityGlobals) = postSolution
		SolutionGuid = {41F8AA6E-2AC4-483D-8BF2-3189DB2C2C32}
	EndGlobalSection
EndGlobal
