
Microsoft Visual Studio Solution File, Format Version 12.00
# Visual Studio Version 17
VisualStudioVersion = 17.9.34714.143
MinimumVisualStudioVersion = 10.0.40219.1
Project("{9A19103F-16F7-4668-BE54-9A1E7A4F7556}") = "POO", "POO\POO.csproj", "{0F2BA2AA-9884-4AEC-ACB7-A9B7FA7C8CA1}"
EndProject
Project("{9A19103F-16F7-4668-BE54-9A1E7A4F7556}") = "Introduccion", "Introduccion\Introduccion.csproj", "{74B2F27D-B177-44F6-9E93-784BCA255B8F}"
EndProject
Project("{9A19103F-16F7-4668-BE54-9A1E7A4F7556}") = "List", "List\List.csproj", "{BF15665E-8B4A-4AB8-8CA9-A39B4ADDE2D3}"
EndProject
Project("{9A19103F-16F7-4668-BE54-9A1E7A4F7556}") = "Tuple", "Tuple\Tuple.csproj", "{EB0E5C7E-4F73-4838-A5E8-65F73D01BF27}"
EndProject
Project("{9A19103F-16F7-4668-BE54-9A1E7A4F7556}") = "Exceptions", "Exceptions\Exceptions.csproj", "{B4C4F6EE-34F4-4DAE-B844-1D90BA3DAB37}"
EndProject
Project("{9A19103F-16F7-4668-BE54-9A1E7A4F7556}") = "LINQ", "LINQ\LINQ.csproj", "{7CE5C72A-F9EB-4A89-8FAE-7FDAD56982DB}"
EndProject
Project("{FAE04EC0-301F-11D3-BF4B-00C04F79EFBC}") = "SQL", "SQL\SQL.csproj", "{1B310620-22D2-40B9-9D1C-409C0BE671DA}"
EndProject
Global
	GlobalSection(SolutionConfigurationPlatforms) = preSolution
		Debug|Any CPU = Debug|Any CPU
		Release|Any CPU = Release|Any CPU
	EndGlobalSection
	GlobalSection(ProjectConfigurationPlatforms) = postSolution
		{0F2BA2AA-9884-4AEC-ACB7-A9B7FA7C8CA1}.Debug|Any CPU.ActiveCfg = Debug|Any CPU
		{0F2BA2AA-9884-4AEC-ACB7-A9B7FA7C8CA1}.Debug|Any CPU.Build.0 = Debug|Any CPU
		{0F2BA2AA-9884-4AEC-ACB7-A9B7FA7C8CA1}.Release|Any CPU.ActiveCfg = Release|Any CPU
		{0F2BA2AA-9884-4AEC-ACB7-A9B7FA7C8CA1}.Release|Any CPU.Build.0 = Release|Any CPU
		{74B2F27D-B177-44F6-9E93-784BCA255B8F}.Debug|Any CPU.ActiveCfg = Debug|Any CPU
		{74B2F27D-B177-44F6-9E93-784BCA255B8F}.Debug|Any CPU.Build.0 = Debug|Any CPU
		{74B2F27D-B177-44F6-9E93-784BCA255B8F}.Release|Any CPU.ActiveCfg = Release|Any CPU
		{74B2F27D-B177-44F6-9E93-784BCA255B8F}.Release|Any CPU.Build.0 = Release|Any CPU
		{BF15665E-8B4A-4AB8-8CA9-A39B4ADDE2D3}.Debug|Any CPU.ActiveCfg = Debug|Any CPU
		{BF15665E-8B4A-4AB8-8CA9-A39B4ADDE2D3}.Debug|Any CPU.Build.0 = Debug|Any CPU
		{BF15665E-8B4A-4AB8-8CA9-A39B4ADDE2D3}.Release|Any CPU.ActiveCfg = Release|Any CPU
		{BF15665E-8B4A-4AB8-8CA9-A39B4ADDE2D3}.Release|Any CPU.Build.0 = Release|Any CPU
		{EB0E5C7E-4F73-4838-A5E8-65F73D01BF27}.Debug|Any CPU.ActiveCfg = Debug|Any CPU
		{EB0E5C7E-4F73-4838-A5E8-65F73D01BF27}.Debug|Any CPU.Build.0 = Debug|Any CPU
		{EB0E5C7E-4F73-4838-A5E8-65F73D01BF27}.Release|Any CPU.ActiveCfg = Release|Any CPU
		{EB0E5C7E-4F73-4838-A5E8-65F73D01BF27}.Release|Any CPU.Build.0 = Release|Any CPU
		{B4C4F6EE-34F4-4DAE-B844-1D90BA3DAB37}.Debug|Any CPU.ActiveCfg = Debug|Any CPU
		{B4C4F6EE-34F4-4DAE-B844-1D90BA3DAB37}.Debug|Any CPU.Build.0 = Debug|Any CPU
		{B4C4F6EE-34F4-4DAE-B844-1D90BA3DAB37}.Release|Any CPU.ActiveCfg = Release|Any CPU
		{B4C4F6EE-34F4-4DAE-B844-1D90BA3DAB37}.Release|Any CPU.Build.0 = Release|Any CPU
		{7CE5C72A-F9EB-4A89-8FAE-7FDAD56982DB}.Debug|Any CPU.ActiveCfg = Debug|Any CPU
		{7CE5C72A-F9EB-4A89-8FAE-7FDAD56982DB}.Debug|Any CPU.Build.0 = Debug|Any CPU
		{7CE5C72A-F9EB-4A89-8FAE-7FDAD56982DB}.Release|Any CPU.ActiveCfg = Release|Any CPU
		{7CE5C72A-F9EB-4A89-8FAE-7FDAD56982DB}.Release|Any CPU.Build.0 = Release|Any CPU
		{1B310620-22D2-40B9-9D1C-409C0BE671DA}.Debug|Any CPU.ActiveCfg = Debug|Any CPU
		{1B310620-22D2-40B9-9D1C-409C0BE671DA}.Debug|Any CPU.Build.0 = Debug|Any CPU
		{1B310620-22D2-40B9-9D1C-409C0BE671DA}.Release|Any CPU.ActiveCfg = Release|Any CPU
		{1B310620-22D2-40B9-9D1C-409C0BE671DA}.Release|Any CPU.Build.0 = Release|Any CPU
	EndGlobalSection
	GlobalSection(SolutionProperties) = preSolution
		HideSolutionNode = FALSE
	EndGlobalSection
	GlobalSection(ExtensibilityGlobals) = postSolution
		SolutionGuid = {41F8AA6E-2AC4-483D-8BF2-3189DB2C2C32}
	EndGlobalSection
EndGlobal
