
Microsoft Visual Studio Solution File, Format Version 12.00
# Visual Studio Version 17
VisualStudioVersion = 17.9.34714.143
MinimumVisualStudioVersion = 10.0.40219.1
Project("{9A19103F-16F7-4668-BE54-9A1E7A4F7556}") = "POO", "POO\POO.csproj", "{0F2BA2AA-9884-4AEC-ACB7-A9B7FA7C8CA1}"
EndProject
Project("{FAE04EC0-301F-11D3-BF4B-00C04F79EFBC}") = "Introduccion", "Introduccion\Introduccion.csproj", "{74B2F27D-B177-44F6-9E93-784BCA255B8F}"
EndProject
Global
	GlobalSection(SolutionConfigurationPlatforms) = preSolution
		Debug|Any CPU = Debug|Any CPU
		Release|Any CPU = Release|Any CPU
	EndGlobalSection
	GlobalSection(ProjectConfigurationPlatforms) = postSolution
		{0F2BA2AA-9884-4AEC-ACB7-A9B7FA7C8CA1}.Debug|Any CPU.ActiveCfg = Debug|Any CPU
		{0F2BA2AA-9884-4AEC-ACB7-A9B7FA7C8CA1}.Debug|Any CPU.Build.0 = Debug|Any CPU
		{0F2BA2AA-9884-4AEC-ACB7-A9B7FA7C8CA1}.Release|Any CPU.ActiveCfg = Release|Any CPU
		{0F2BA2AA-9884-4AEC-ACB7-A9B7FA7C8CA1}.Release|Any CPU.Build.0 = Release|Any CPU
		{74B2F27D-B177-44F6-9E93-784BCA255B8F}.Debug|Any CPU.ActiveCfg = Debug|Any CPU
		{74B2F27D-B177-44F6-9E93-784BCA255B8F}.Debug|Any CPU.Build.0 = Debug|Any CPU
		{74B2F27D-B177-44F6-9E93-784BCA255B8F}.Release|Any CPU.ActiveCfg = Release|Any CPU
		{74B2F27D-B177-44F6-9E93-784BCA255B8F}.Release|Any CPU.Build.0 = Release|Any CPU
	EndGlobalSection
	GlobalSection(SolutionProperties) = preSolution
		HideSolutionNode = FALSE
	EndGlobalSection
	GlobalSection(ExtensibilityGlobals) = postSolution
		SolutionGuid = {41F8AA6E-2AC4-483D-8BF2-3189DB2C2C32}
	EndGlobalSection
EndGlobal
